{
  "originHash" : "93ab3ea7ef10fa6aa3aeeb0d40e7717a69dec5f8f00f48c06d2abbe84be0bcfa",
  "pins" : [
    {
      "identity" : "testflyverifycsdkspm",
      "kind" : "remoteSourceControl",
      "location" : "https://github.com/275919229/TestFlyVerifyCSDKSPM.git",
      "state" : {
        "revision" : "61eb548285f3e1f617cf52dce83a721f0c839b27",
        "version" : "1.0.0"
      }
    }
  ],
  "version" : 3
}
