{
  "originHash" : "507107aa88d754fdf4dbf4c8177401e9b3b018382249af1728cb229a27b2caff",
  "pins" : [
    {
      "identity" : "testflyverifycsdkspm",
      "kind" : "remoteSourceControl",
      "location" : "https://github.com/275919229/TestFlyVerifyCSDKSPM.git",
      "state" : {
        "revision" : "e16ca68b96a5250bc43e5cd4aa5577e65a0d5760",
        "version" : "1.0.5"
      }
    }
  ],
  "version" : 3
}
